
Microsoft Visual Studio Solution File, Format Version 12.00
# Visual Studio Version 16
VisualStudioVersion = 16.0.31702.278
MinimumVisualStudioVersion = 10.0.40219.1
Project("{FAE04EC0-301F-11D3-BF4B-00C04F79EFBC}") = "BarberShopZiminDenis1116", "BarberShopZiminDenis1116\BarberShopZiminDenis1116.csproj", "{C4F609C7-FA56-46C9-9781-4446F7E22CB8}"
EndProject
Project("{FAE04EC0-301F-11D3-BF4B-00C04F79EFBC}") = "BSZiminDenisTests", "BSZiminDenisTests\BSZiminDenisTests.csproj", "{64B38242-E4ED-4C50-A96C-177DC9246BC0}"
EndProject
Global
	GlobalSection(SolutionConfigurationPlatforms) = preSolution
		Debug|Any CPU = Debug|Any CPU
		Release|Any CPU = Release|Any CPU
	EndGlobalSection
	GlobalSection(ProjectConfigurationPlatforms) = postSolution
		{C4F609C7-FA56-46C9-9781-4446F7E22CB8}.Debug|Any CPU.ActiveCfg = Debug|Any CPU
		{C4F609C7-FA56-46C9-9781-4446F7E22CB8}.Debug|Any CPU.Build.0 = Debug|Any CPU
		{C4F609C7-FA56-46C9-9781-4446F7E22CB8}.Release|Any CPU.ActiveCfg = Release|Any CPU
		{C4F609C7-FA56-46C9-9781-4446F7E22CB8}.Release|Any CPU.Build.0 = Release|Any CPU
		{64B38242-E4ED-4C50-A96C-177DC9246BC0}.Debug|Any CPU.ActiveCfg = Debug|Any CPU
		{64B38242-E4ED-4C50-A96C-177DC9246BC0}.Debug|Any CPU.Build.0 = Debug|Any CPU
		{64B38242-E4ED-4C50-A96C-177DC9246BC0}.Release|Any CPU.ActiveCfg = Release|Any CPU
		{64B38242-E4ED-4C50-A96C-177DC9246BC0}.Release|Any CPU.Build.0 = Release|Any CPU
	EndGlobalSection
	GlobalSection(SolutionProperties) = preSolution
		HideSolutionNode = FALSE
	EndGlobalSection
	GlobalSection(ExtensibilityGlobals) = postSolution
		SolutionGuid = {93A6F393-086A-4FAB-A78D-B72507887C7A}
	EndGlobalSection
EndGlobal
